<Solution>
  <Project Path="src/McpCapabilities.Server/McpCapabilities.Server.csproj" />
  <Project Path="tests/McpCapabilities.Server.Integration.Tests/McpCapabilities.Server.Integration.Tests.csproj" />
  <Project Path="tests/McpCapabilities.Server.Unit.Tests/McpCapabilities.Unit.Tests.csproj" />
</Solution>
